
Microsoft Visual Studio Solution File, Format Version 12.00
# Visual Studio 15
Project("{FAE04EC0-301F-11D3-BF4B-00C04F79EFBC}") = "Xamarin.Harpy", "Xamarin.Harpy\Xamarin.Harpy.csproj", "{CBA10A03-AA27-40A4-8E61-B4F1A694DD7E}"
EndProject
Project("{FAE04EC0-301F-11D3-BF4B-00C04F79EFBC}") = "TestHarpyApp", "TestHarpyApp\TestHarpyApp.csproj", "{7EDED579-ED37-4A89-929C-9FEC8BE433DF}"
EndProject
Global
	GlobalSection(SolutionConfigurationPlatforms) = preSolution
		Debug|Any CPU = Debug|Any CPU
		Release|Any CPU = Release|Any CPU
		Debug|iPhoneSimulator = Debug|iPhoneSimulator
		Release|iPhone = Release|iPhone
		Release|iPhoneSimulator = Release|iPhoneSimulator
		Debug|iPhone = Debug|iPhone
	EndGlobalSection
	GlobalSection(ProjectConfigurationPlatforms) = postSolution
		{CBA10A03-AA27-40A4-8E61-B4F1A694DD7E}.Debug|Any CPU.ActiveCfg = Debug|Any CPU
		{CBA10A03-AA27-40A4-8E61-B4F1A694DD7E}.Debug|Any CPU.Build.0 = Debug|Any CPU
		{CBA10A03-AA27-40A4-8E61-B4F1A694DD7E}.Release|Any CPU.ActiveCfg = Release|Any CPU
		{CBA10A03-AA27-40A4-8E61-B4F1A694DD7E}.Release|Any CPU.Build.0 = Release|Any CPU
		{CBA10A03-AA27-40A4-8E61-B4F1A694DD7E}.Debug|iPhoneSimulator.ActiveCfg = Debug|Any CPU
		{CBA10A03-AA27-40A4-8E61-B4F1A694DD7E}.Debug|iPhoneSimulator.Build.0 = Debug|Any CPU
		{CBA10A03-AA27-40A4-8E61-B4F1A694DD7E}.Release|iPhone.ActiveCfg = Release|Any CPU
		{CBA10A03-AA27-40A4-8E61-B4F1A694DD7E}.Release|iPhone.Build.0 = Release|Any CPU
		{CBA10A03-AA27-40A4-8E61-B4F1A694DD7E}.Release|iPhoneSimulator.ActiveCfg = Release|Any CPU
		{CBA10A03-AA27-40A4-8E61-B4F1A694DD7E}.Release|iPhoneSimulator.Build.0 = Release|Any CPU
		{CBA10A03-AA27-40A4-8E61-B4F1A694DD7E}.Debug|iPhone.ActiveCfg = Debug|Any CPU
		{CBA10A03-AA27-40A4-8E61-B4F1A694DD7E}.Debug|iPhone.Build.0 = Debug|Any CPU
		{7EDED579-ED37-4A89-929C-9FEC8BE433DF}.Debug|Any CPU.ActiveCfg = Debug|iPhoneSimulator
		{7EDED579-ED37-4A89-929C-9FEC8BE433DF}.Debug|Any CPU.Build.0 = Debug|iPhoneSimulator
		{7EDED579-ED37-4A89-929C-9FEC8BE433DF}.Release|Any CPU.ActiveCfg = Release|iPhone
		{7EDED579-ED37-4A89-929C-9FEC8BE433DF}.Release|Any CPU.Build.0 = Release|iPhone
		{7EDED579-ED37-4A89-929C-9FEC8BE433DF}.Debug|iPhoneSimulator.ActiveCfg = Debug|iPhoneSimulator
		{7EDED579-ED37-4A89-929C-9FEC8BE433DF}.Debug|iPhoneSimulator.Build.0 = Debug|iPhoneSimulator
		{7EDED579-ED37-4A89-929C-9FEC8BE433DF}.Release|iPhone.ActiveCfg = Release|iPhone
		{7EDED579-ED37-4A89-929C-9FEC8BE433DF}.Release|iPhone.Build.0 = Release|iPhone
		{7EDED579-ED37-4A89-929C-9FEC8BE433DF}.Release|iPhoneSimulator.ActiveCfg = Release|iPhoneSimulator
		{7EDED579-ED37-4A89-929C-9FEC8BE433DF}.Release|iPhoneSimulator.Build.0 = Release|iPhoneSimulator
		{7EDED579-ED37-4A89-929C-9FEC8BE433DF}.Debug|iPhone.ActiveCfg = Debug|iPhone
		{7EDED579-ED37-4A89-929C-9FEC8BE433DF}.Debug|iPhone.Build.0 = Debug|iPhone
	EndGlobalSection
EndGlobal
