
Microsoft Visual Studio Solution File, Format Version 12.00
# Visual Studio 15
Project("{FAE04EC0-301F-11D3-BF4B-00C04F79EFBC}") = "Androidx.Security.Crypto", "Androidx.Security.Crypto.csproj", "{2E63E4F4-8372-4237-991E-E3D2A2E58632}"
EndProject
Global
	GlobalSection(SolutionConfigurationPlatforms) = preSolution
		Debug|Any CPU = Debug|Any CPU
		Release|Any CPU = Release|Any CPU
	EndGlobalSection
	GlobalSection(ProjectConfigurationPlatforms) = postSolution
		{2E63E4F4-8372-4237-991E-E3D2A2E58632}.Debug|Any CPU.ActiveCfg = Debug|Any CPU
		{2E63E4F4-8372-4237-991E-E3D2A2E58632}.Debug|Any CPU.Build.0 = Debug|Any CPU
		{2E63E4F4-8372-4237-991E-E3D2A2E58632}.Release|Any CPU.ActiveCfg = Release|Any CPU
		{2E63E4F4-8372-4237-991E-E3D2A2E58632}.Release|Any CPU.Build.0 = Release|Any CPU
	EndGlobalSection
EndGlobal
