
Microsoft Visual Studio Solution File, Format Version 12.00
# Visual Studio 15
Project("{FAE04EC0-301F-11D3-BF4B-00C04F79EFBC}") = "Firebase.Crashlytics", "Firebase.Crashlytics\Firebase.Crashlytics.csproj", "{DA4F4C35-D5F9-4997-8CC6-E8970E264794}"
EndProject
Project("{FAE04EC0-301F-11D3-BF4B-00C04F79EFBC}") = "DemoCrashApp", "DemoCrashApp\DemoCrashApp.csproj", "{FCB1292F-4CA1-4E9F-9E5F-4BC1055F9662}"
EndProject
Global
	GlobalSection(SolutionConfigurationPlatforms) = preSolution
		Debug|Any CPU = Debug|Any CPU
		Release|Any CPU = Release|Any CPU
	EndGlobalSection
	GlobalSection(ProjectConfigurationPlatforms) = postSolution
		{DA4F4C35-D5F9-4997-8CC6-E8970E264794}.Debug|Any CPU.ActiveCfg = Debug|Any CPU
		{DA4F4C35-D5F9-4997-8CC6-E8970E264794}.Debug|Any CPU.Build.0 = Debug|Any CPU
		{DA4F4C35-D5F9-4997-8CC6-E8970E264794}.Release|Any CPU.ActiveCfg = Release|Any CPU
		{DA4F4C35-D5F9-4997-8CC6-E8970E264794}.Release|Any CPU.Build.0 = Release|Any CPU
		{FCB1292F-4CA1-4E9F-9E5F-4BC1055F9662}.Debug|Any CPU.ActiveCfg = Debug|Any CPU
		{FCB1292F-4CA1-4E9F-9E5F-4BC1055F9662}.Debug|Any CPU.Build.0 = Debug|Any CPU
		{FCB1292F-4CA1-4E9F-9E5F-4BC1055F9662}.Release|Any CPU.ActiveCfg = Release|Any CPU
		{FCB1292F-4CA1-4E9F-9E5F-4BC1055F9662}.Release|Any CPU.Build.0 = Release|Any CPU
	EndGlobalSection
EndGlobal
